# GENERATED from requirements-image-test.txt -- do not edit by hand. Regenerate with:
#   uv pip compile requirements-image-test.txt --constraint requirements-production.lock --python-version 3.12 --python-platform x86_64-unknown-linux-gnu --generate-hashes --no-header -o requirements-image-test.lock
# CI (.github/workflows/ci.yml, job production-image) fails if this file is stale.
iniconfig==2.3.1 \
    --hash=sha256:67f4b9c50da0dedf52af349e7749a80a9057a5031199791b906c3bb3ae878960 \
    --hash=sha256:9121e2c1fdb355232495be3194c8dfe87ccc2d5dee45947b78e68f499790d7a7
    # via pytest
packaging==26.3 \
    --hash=sha256:94edc256424af38762eb31306eed28beb9f0efc50a8837492c9d6fd6004aed79 \
    --hash=sha256:d7193f7c8e4e93f444fde0262bf90af30e16fa0ad0ad44cb553c87339b23cd1c
    # via
    #   -c requirements-production.lock
    #   pytest
pluggy==1.6.0 \
    --hash=sha256:7dcc130b76258d33b90f61b658791dede3486c3e6bfb003ee5c9bfb396dd22f3 \
    --hash=sha256:e920276dd6813095e9377c0bc5566d94c932c33b27a3e3945d8389c374dd4746
    # via pytest
pygments==2.21.0 \
    --hash=sha256:2363c69b61c4a97c838da3b130dcd6468f4848992b21a82f2a63ec34377137d9 \
    --hash=sha256:610ca751c9bc2492b38eb9a38a7fbc93edbbb2d7182edaf34e66ae493dee5c8c
    # via pytest
pytest==9.1.1 \
    --hash=sha256:1088fbde8f2b49d95a549a195707afa7a76a3ce9bcadc26b6d71f0ffda5fe313 \
    --hash=sha256:37a86b45efb9a47a61a36449063e8e18d0cab3161329fc099eb21783169c4f0c
    # via
    #   -r requirements-image-test.txt
    #   pytest-asyncio
pytest-asyncio==1.4.0 \
    --hash=sha256:933ca923a23075a87fb7070c0ec272a6848489824d887c85c812670932835aa1 \
    --hash=sha256:c6c0d2259945122819f171a32ecea2c349ead889ee28176caaf492143424be42
    # via -r requirements-image-test.txt
typing-extensions==4.16.0 \
    --hash=sha256:481caa481374e813c1b176ada14e97f1f67a4539ce9cfeb3f350d78d6370c2e8 \
    --hash=sha256:dc983d19a509c94dba722ee6abd33940f7c05a89e243c47e907eb4db6f1a43e5
    # via
    #   -c requirements-production.lock
    #   pytest-asyncio
